
Microsoft Visual Studio Solution File, Format Version 12.00
# Visual Studio 2013
VisualStudioVersion = 12.0.30723.0
MinimumVisualStudioVersion = 10.0.40219.1
Project("{E24C65DC-7377-472B-9ABA-BC803B73C61A}") = "KnockoutReddit", "http://localhost:15307", "{A0CE8E73-C11B-4C9C-A0C9-BCE30CD99E0A}"
	ProjectSection(WebsiteProperties) = preProject
		UseIISExpress = "true"
		TargetFrameworkMoniker = ".NETFramework,Version%3Dv4.0"
		Debug.AspNetCompiler.VirtualPath = "/localhost_15307"
		Debug.AspNetCompiler.PhysicalPath = "..\KnockoutReddit\"
		Debug.AspNetCompiler.TargetPath = "PrecompiledWeb\localhost_15307\"
		Debug.AspNetCompiler.Updateable = "true"
		Debug.AspNetCompiler.ForceOverwrite = "true"
		Debug.AspNetCompiler.FixedNames = "false"
		Debug.AspNetCompiler.Debug = "True"
		Release.AspNetCompiler.VirtualPath = "/localhost_15307"
		Release.AspNetCompiler.PhysicalPath = "..\KnockoutReddit\"
		Release.AspNetCompiler.TargetPath = "PrecompiledWeb\localhost_15307\"
		Release.AspNetCompiler.Updateable = "true"
		Release.AspNetCompiler.ForceOverwrite = "true"
		Release.AspNetCompiler.FixedNames = "false"
		Release.AspNetCompiler.Debug = "False"
		SlnRelativePath = "..\KnockoutReddit\"
	EndProjectSection
EndProject
Global
	GlobalSection(SolutionConfigurationPlatforms) = preSolution
		Debug|Any CPU = Debug|Any CPU
	EndGlobalSection
	GlobalSection(ProjectConfigurationPlatforms) = postSolution
		{A0CE8E73-C11B-4C9C-A0C9-BCE30CD99E0A}.Debug|Any CPU.ActiveCfg = Debug|Any CPU
		{A0CE8E73-C11B-4C9C-A0C9-BCE30CD99E0A}.Debug|Any CPU.Build.0 = Debug|Any CPU
	EndGlobalSection
	GlobalSection(SolutionProperties) = preSolution
		HideSolutionNode = FALSE
	EndGlobalSection
EndGlobal
